
Microsoft Visual Studio Solution File, Format Version 12.00
# Visual Studio Version 16
VisualStudioVersion = 16.0.29020.237
MinimumVisualStudioVersion = 10.0.40219.1
Project("{888888A0-9F3D-457C-B088-3A5042F75D52}") = "Airplane", "Airplane\Airplane.pyproj", "{16990D60-0D71-4FC1-98FB-663BCFE5FA7E}"
EndProject
Global
	GlobalSection(SolutionConfigurationPlatforms) = preSolution
		Debug|Any CPU = Debug|Any CPU
		Release|Any CPU = Release|Any CPU
	EndGlobalSection
	GlobalSection(ProjectConfigurationPlatforms) = postSolution
		{16990D60-0D71-4FC1-98FB-663BCFE5FA7E}.Debug|Any CPU.ActiveCfg = Debug|Any CPU
		{16990D60-0D71-4FC1-98FB-663BCFE5FA7E}.Release|Any CPU.ActiveCfg = Release|Any CPU
	EndGlobalSection
	GlobalSection(SolutionProperties) = preSolution
		HideSolutionNode = FALSE
	EndGlobalSection
	GlobalSection(ExtensibilityGlobals) = postSolution
		SolutionGuid = {6C96C894-3512-4272-8337-A4A301D9EAF1}
	EndGlobalSection
EndGlobal
